%{
  "bunt": {:hex, :bunt, "0.2.0", "951c6e801e8b1d2cbe58ebbd3e616a869061ddadcc4863d0a2182541acae9a38", [:mix], [], "hexpm", "7af5c7e09fe1d40f76c8e4f9dd2be7cebd83909f31fee7cd0e9eadc567da8353"},
  "credo": {:hex, :credo, "1.6.1", "7dc76dcdb764a4316c1596804c48eada9fff44bd4b733a91ccbf0c0f368be61e", [:mix], [{:bunt, "~> 0.2.0", [hex: :bunt, repo: "hexpm", optional: false]}, {:file_system, "~> 0.2.8", [hex: :file_system, repo: "hexpm", optional: false]}, {:jason, "~> 1.0", [hex: :jason, repo: "hexpm", optional: false]}], "hexpm", "698607fb5993720c7e93d2d8e76f2175bba024de964e160e2f7151ef3ab82ac5"},
  "faker": {:hex, :faker, "0.16.0", "1e2cf3e8d60d44a30741fb98118fcac18b2020379c7e00d18f1a005841b2f647", [:mix], [], "hexpm", "fbcb9bf1299dff3c9dd7e50f41802bbc472ffbb84e7656394c8aa913ec315141"},
  "file_system": {:hex, :file_system, "0.2.10", "fb082005a9cd1711c05b5248710f8826b02d7d1784e7c3451f9c1231d4fc162d", [:mix], [], "hexpm", "41195edbfb562a593726eda3b3e8b103a309b733ad25f3d642ba49696bf715dc"},
  "jason": {:hex, :jason, "1.2.2", "ba43e3f2709fd1aa1dce90aaabfd039d000469c05c56f0b8e31978e03fa39052", [:mix], [{:decimal, "~> 1.0 or ~> 2.0", [hex: :decimal, repo: "hexpm", optional: true]}], "hexpm", "18a228f5f0058ee183f29f9eae0805c6e59d61c3b006760668d8d18ff0d12179"},
  "meck": {:hex, :meck, "0.9.2", "85ccbab053f1db86c7ca240e9fc718170ee5bda03810a6292b5306bf31bae5f5", [:rebar3], [], "hexpm", "81344f561357dc40a8344afa53767c32669153355b626ea9fcbc8da6b3045826"},
  "mock": {:hex, :mock, "0.3.7", "75b3bbf1466d7e486ea2052a73c6e062c6256fb429d6797999ab02fa32f29e03", [:mix], [{:meck, "~> 0.9.2", [hex: :meck, repo: "hexpm", optional: false]}], "hexpm", "4da49a4609e41fd99b7836945c26f373623ea968cfb6282742bcb94440cf7e5c"},
  "mox": {:hex, :mox, "1.0.1", "b651bf0113265cda0ba3a827fcb691f848b683c373b77e7d7439910a8d754d6e", [:mix], [], "hexpm", "35bc0dea5499d18db4ef7fe4360067a59b06c74376eb6ab3bd67e6295b133469"},
  "sobelow": {:hex, :sobelow, "0.11.1", "23438964486f8112b41e743bbfd402da3e5b296fdc9eacab29914b79c48916dd", [:mix], [{:jason, "~> 1.0", [hex: :jason, repo: "hexpm", optional: false]}], "hexpm", "9897363a7eff96f4809304a90aad819e2ad5e5d24db547af502885146746a53c"},
}
